// !$*UTF8*$!
{
	archiveVersion = 1;
	classes = {
	};
	objectVersion = 55;
	objects = {

/* Begin PBXBuildFile section */
		0B0AEFB3287A1A7C00166CA7 /* LogInView.swift in Sources */ = {isa = PBXBuildFile; fileRef = 0B0AEFB2287A1A7C00166CA7 /* LogInView.swift */; };
		0B8E40F2286F3354005539E7 /* IdeasView.swift in Sources */ = {isa = PBXBuildFile; fileRef = 0B8E40F1286F3354005539E7 /* IdeasView.swift */; };
		0B8E40F4286F3920005539E7 /* Fab.swift in Sources */ = {isa = PBXBuildFile; fileRef = 0B8E40F3286F3920005539E7 /* Fab.swift */; };
		0B8E40F6286F3EAE005539E7 /* GoalBadge.swift in Sources */ = {isa = PBXBuildFile; fileRef = 0B8E40F5286F3EAE005539E7 /* GoalBadge.swift */; };
		0B8E40F828785A25005539E7 /* AddView.swift in Sources */ = {isa = PBXBuildFile; fileRef = 0B8E40F728785A25005539E7 /* AddView.swift */; };
		0BA7CC322861149300EF7A31 /* sonddrApp.swift in Sources */ = {isa = PBXBuildFile; fileRef = 0BA7CC312861149300EF7A31 /* sonddrApp.swift */; };
		0BA7CC342861149300EF7A31 /* ContentView.swift in Sources */ = {isa = PBXBuildFile; fileRef = 0BA7CC332861149300EF7A31 /* ContentView.swift */; };
		0BA7CC362861149500EF7A31 /* Assets.xcassets in Resources */ = {isa = PBXBuildFile; fileRef = 0BA7CC352861149500EF7A31 /* Assets.xcassets */; };
		0BA7CC392861149500EF7A31 /* Preview Assets.xcassets in Resources */ = {isa = PBXBuildFile; fileRef = 0BA7CC382861149500EF7A31 /* Preview Assets.xcassets */; };
		0BEE2395286B8F9000D52D56 /* GoalChip.swift in Sources */ = {isa = PBXBuildFile; fileRef = 0BEE2394286B8F9000D52D56 /* GoalChip.swift */; };
		0BEE2397286B8F9F00D52D56 /* Goal.swift in Sources */ = {isa = PBXBuildFile; fileRef = 0BEE2396286B8F9F00D52D56 /* Goal.swift */; };
		0BEE2399286B9D1500D52D56 /* ProfilePicture.swift in Sources */ = {isa = PBXBuildFile; fileRef = 0BEE2398286B9D1500D52D56 /* ProfilePicture.swift */; };
		0BEE239B286BA06900D52D56 /* GoalChips.swift in Sources */ = {isa = PBXBuildFile; fileRef = 0BEE239A286BA06900D52D56 /* GoalChips.swift */; };
		0BEE239D286BA1F800D52D56 /* HomeView.swift in Sources */ = {isa = PBXBuildFile; fileRef = 0BEE239C286BA1F800D52D56 /* HomeView.swift */; };
		0BEE239F286CD29800D52D56 /* IdeaList.swift in Sources */ = {isa = PBXBuildFile; fileRef = 0BEE239E286CD29800D52D56 /* IdeaList.swift */; };
		0BEE23A1286CD2B400D52D56 /* IdeaCard.swift in Sources */ = {isa = PBXBuildFile; fileRef = 0BEE23A0286CD2B400D52D56 /* IdeaCard.swift */; };
		0BEE23A3286CD2CC00D52D56 /* Idea.swift in Sources */ = {isa = PBXBuildFile; fileRef = 0BEE23A2286CD2CC00D52D56 /* Idea.swift */; };
		0BEE23A5286CD2F300D52D56 /* User.swift in Sources */ = {isa = PBXBuildFile; fileRef = 0BEE23A4286CD2F300D52D56 /* User.swift */; };
		0BEE23A7286CE40400D52D56 /* Time.swift in Sources */ = {isa = PBXBuildFile; fileRef = 0BEE23A6286CE40400D52D56 /* Time.swift */; };
/* End PBXBuildFile section */

/* Begin PBXFileReference section */
		0B0AEFB2287A1A7C00166CA7 /* LogInView.swift */ = {isa = PBXFileReference; lastKnownFileType = sourcecode.swift; path = LogInView.swift; sourceTree = "<group>"; };
		0B8E40F1286F3354005539E7 /* IdeasView.swift */ = {isa = PBXFileReference; lastKnownFileType = sourcecode.swift; path = IdeasView.swift; sourceTree = "<group>"; };
		0B8E40F3286F3920005539E7 /* Fab.swift */ = {isa = PBXFileReference; lastKnownFileType = sourcecode.swift; path = Fab.swift; sourceTree = "<group>"; };
		0B8E40F5286F3EAE005539E7 /* GoalBadge.swift */ = {isa = PBXFileReference; lastKnownFileType = sourcecode.swift; path = GoalBadge.swift; sourceTree = "<group>"; };
		0B8E40F728785A25005539E7 /* AddView.swift */ = {isa = PBXFileReference; lastKnownFileType = sourcecode.swift; path = AddView.swift; sourceTree = "<group>"; };
		0BA7CC2E2861149300EF7A31 /* sonddr.app */ = {isa = PBXFileReference; explicitFileType = wrapper.application; includeInIndex = 0; path = sonddr.app; sourceTree = BUILT_PRODUCTS_DIR; };
		0BA7CC312861149300EF7A31 /* sonddrApp.swift */ = {isa = PBXFileReference; lastKnownFileType = sourcecode.swift; path = sonddrApp.swift; sourceTree = "<group>"; };
		0BA7CC332861149300EF7A31 /* ContentView.swift */ = {isa = PBXFileReference; lastKnownFileType = sourcecode.swift; path = ContentView.swift; sourceTree = "<group>"; };
		0BA7CC352861149500EF7A31 /* Assets.xcassets */ = {isa = PBXFileReference; lastKnownFileType = folder.assetcatalog; path = Assets.xcassets; sourceTree = "<group>"; };
		0BA7CC382861149500EF7A31 /* Preview Assets.xcassets */ = {isa = PBXFileReference; lastKnownFileType = folder.assetcatalog; path = "Preview Assets.xcassets"; sourceTree = "<group>"; };
		0BEE2394286B8F9000D52D56 /* GoalChip.swift */ = {isa = PBXFileReference; lastKnownFileType = sourcecode.swift; path = GoalChip.swift; sourceTree = "<group>"; };
		0BEE2396286B8F9F00D52D56 /* Goal.swift */ = {isa = PBXFileReference; lastKnownFileType = sourcecode.swift; path = Goal.swift; sourceTree = "<group>"; };
		0BEE2398286B9D1500D52D56 /* ProfilePicture.swift */ = {isa = PBXFileReference; lastKnownFileType = sourcecode.swift; path = ProfilePicture.swift; sourceTree = "<group>"; };
		0BEE239A286BA06900D52D56 /* GoalChips.swift */ = {isa = PBXFileReference; lastKnownFileType = sourcecode.swift; path = GoalChips.swift; sourceTree = "<group>"; };
		0BEE239C286BA1F800D52D56 /* HomeView.swift */ = {isa = PBXFileReference; lastKnownFileType = sourcecode.swift; path = HomeView.swift; sourceTree = "<group>"; };
		0BEE239E286CD29800D52D56 /* IdeaList.swift */ = {isa = PBXFileReference; lastKnownFileType = sourcecode.swift; path = IdeaList.swift; sourceTree = "<group>"; };
		0BEE23A0286CD2B400D52D56 /* IdeaCard.swift */ = {isa = PBXFileReference; lastKnownFileType = sourcecode.swift; path = IdeaCard.swift; sourceTree = "<group>"; };
		0BEE23A2286CD2CC00D52D56 /* Idea.swift */ = {isa = PBXFileReference; lastKnownFileType = sourcecode.swift; path = Idea.swift; sourceTree = "<group>"; };
		0BEE23A4286CD2F300D52D56 /* User.swift */ = {isa = PBXFileReference; lastKnownFileType = sourcecode.swift; path = User.swift; sourceTree = "<group>"; };
		0BEE23A6286CE40400D52D56 /* Time.swift */ = {isa = PBXFileReference; lastKnownFileType = sourcecode.swift; path = Time.swift; sourceTree = "<group>"; };
/* End PBXFileReference section */

/* Begin PBXFrameworksBuildPhase section */
		0BA7CC2B2861149300EF7A31 /* Frameworks */ = {
			isa = PBXFrameworksBuildPhase;
			buildActionMask = 2147483647;
			files = (
			);
			runOnlyForDeploymentPostprocessing = 0;
		};
/* End PBXFrameworksBuildPhase section */

/* Begin PBXGroup section */
		0B0AEFB1287A1A3300166CA7 /* Components */ = {
			isa = PBXGroup;
			children = (
				0B8E40F3286F3920005539E7 /* Fab.swift */,
				0BEE239E286CD29800D52D56 /* IdeaList.swift */,
				0BEE23A0286CD2B400D52D56 /* IdeaCard.swift */,
				0B8E40F5286F3EAE005539E7 /* GoalBadge.swift */,
				0BEE239A286BA06900D52D56 /* GoalChips.swift */,
				0BEE2394286B8F9000D52D56 /* GoalChip.swift */,
			);
			path = Components;
			sourceTree = "<group>";
		};
		0B8E40EF286F32F5005539E7 /* Views */ = {
			isa = PBXGroup;
			children = (
				0B8E40F0286F3300005539E7 /* IdeasTab */,
				0B8E40F1286F3354005539E7 /* IdeasView.swift */,
				0B0AEFB2287A1A7C00166CA7 /* LogInView.swift */,
			);
			path = Views;
			sourceTree = "<group>";
		};
		0B8E40F0286F3300005539E7 /* IdeasTab */ = {
			isa = PBXGroup;
			children = (
				0BEE239C286BA1F800D52D56 /* HomeView.swift */,
				0B8E40F728785A25005539E7 /* AddView.swift */,
			);
			path = IdeasTab;
			sourceTree = "<group>";
		};
		0BA7CC252861149300EF7A31 = {
			isa = PBXGroup;
			children = (
				0BA7CC302861149300EF7A31 /* sonddr */,
				0BA7CC2F2861149300EF7A31 /* Products */,
			);
			sourceTree = "<group>";
		};
		0BA7CC2F2861149300EF7A31 /* Products */ = {
			isa = PBXGroup;
			children = (
				0BA7CC2E2861149300EF7A31 /* sonddr.app */,
			);
			name = Products;
			sourceTree = "<group>";
		};
		0BA7CC302861149300EF7A31 /* sonddr */ = {
			isa = PBXGroup;
			children = (
				0B0AEFB1287A1A3300166CA7 /* Components */,
				0B8E40EF286F32F5005539E7 /* Views */,
				0BA7CC312861149300EF7A31 /* sonddrApp.swift */,
				0BEE23A6286CE40400D52D56 /* Time.swift */,
				0BA7CC332861149300EF7A31 /* ContentView.swift */,
				0BEE23A2286CD2CC00D52D56 /* Idea.swift */,
				0BEE23A4286CD2F300D52D56 /* User.swift */,
				0BEE2398286B9D1500D52D56 /* ProfilePicture.swift */,
				0BEE2396286B8F9F00D52D56 /* Goal.swift */,
				0BA7CC352861149500EF7A31 /* Assets.xcassets */,
				0BA7CC372861149500EF7A31 /* Preview Content */,
			);
			path = sonddr;
			sourceTree = "<group>";
		};
		0BA7CC372861149500EF7A31 /* Preview Content */ = {
			isa = PBXGroup;
			children = (
				0BA7CC382861149500EF7A31 /* Preview Assets.xcassets */,
			);
			path = "Preview Content";
			sourceTree = "<group>";
		};
/* End PBXGroup section */

/* Begin PBXNativeTarget section */
		0BA7CC2D2861149300EF7A31 /* sonddr */ = {
			isa = PBXNativeTarget;
			buildConfigurationList = 0BA7CC3C2861149500EF7A31 /* Build configuration list for PBXNativeTarget "sonddr" */;
			buildPhases = (
				0BA7CC2A2861149300EF7A31 /* Sources */,
				0BA7CC2B2861149300EF7A31 /* Frameworks */,
				0BA7CC2C2861149300EF7A31 /* Resources */,
			);
			buildRules = (
			);
			dependencies = (
			);
			name = sonddr;
			productName = sonddr;
			productReference = 0BA7CC2E2861149300EF7A31 /* sonddr.app */;
			productType = "com.apple.product-type.application";
		};
/* End PBXNativeTarget section */

/* Begin PBXProject section */
		0BA7CC262861149300EF7A31 /* Project object */ = {
			isa = PBXProject;
			attributes = {
				BuildIndependentTargetsInParallel = 1;
				LastSwiftUpdateCheck = 1320;
				LastUpgradeCheck = 1320;
				TargetAttributes = {
					0BA7CC2D2861149300EF7A31 = {
						CreatedOnToolsVersion = 13.2.1;
					};
				};
			};
			buildConfigurationList = 0BA7CC292861149300EF7A31 /* Build configuration list for PBXProject "sonddr" */;
			compatibilityVersion = "Xcode 13.0";
			developmentRegion = en;
			hasScannedForEncodings = 0;
			knownRegions = (
				en,
				Base,
			);
			mainGroup = 0BA7CC252861149300EF7A31;
			productRefGroup = 0BA7CC2F2861149300EF7A31 /* Products */;
			projectDirPath = "";
			projectRoot = "";
			targets = (
				0BA7CC2D2861149300EF7A31 /* sonddr */,
			);
		};
/* End PBXProject section */

/* Begin PBXResourcesBuildPhase section */
		0BA7CC2C2861149300EF7A31 /* Resources */ = {
			isa = PBXResourcesBuildPhase;
			buildActionMask = 2147483647;
			files = (
				0BA7CC392861149500EF7A31 /* Preview Assets.xcassets in Resources */,
				0BA7CC362861149500EF7A31 /* Assets.xcassets in Resources */,
			);
			runOnlyForDeploymentPostprocessing = 0;
		};
/* End PBXResourcesBuildPhase section */

/* Begin PBXSourcesBuildPhase section */
		0BA7CC2A2861149300EF7A31 /* Sources */ = {
			isa = PBXSourcesBuildPhase;
			buildActionMask = 2147483647;
			files = (
				0BEE23A7286CE40400D52D56 /* Time.swift in Sources */,
				0B0AEFB3287A1A7C00166CA7 /* LogInView.swift in Sources */,
				0BEE239F286CD29800D52D56 /* IdeaList.swift in Sources */,
				0BEE23A1286CD2B400D52D56 /* IdeaCard.swift in Sources */,
				0BEE23A3286CD2CC00D52D56 /* Idea.swift in Sources */,
				0BEE2397286B8F9F00D52D56 /* Goal.swift in Sources */,
				0B8E40F4286F3920005539E7 /* Fab.swift in Sources */,
				0BEE239D286BA1F800D52D56 /* HomeView.swift in Sources */,
				0BEE2395286B8F9000D52D56 /* GoalChip.swift in Sources */,
				0BEE2399286B9D1500D52D56 /* ProfilePicture.swift in Sources */,
				0BA7CC342861149300EF7A31 /* ContentView.swift in Sources */,
				0B8E40F2286F3354005539E7 /* IdeasView.swift in Sources */,
				0BEE239B286BA06900D52D56 /* GoalChips.swift in Sources */,
				0B8E40F828785A25005539E7 /* AddView.swift in Sources */,
				0BA7CC322861149300EF7A31 /* sonddrApp.swift in Sources */,
				0BEE23A5286CD2F300D52D56 /* User.swift in Sources */,
				0B8E40F6286F3EAE005539E7 /* GoalBadge.swift in Sources */,
			);
			runOnlyForDeploymentPostprocessing = 0;
		};
/* End PBXSourcesBuildPhase section */

/* Begin XCBuildConfiguration section */
		0BA7CC3A2861149500EF7A31 /* Debug */ = {
			isa = XCBuildConfiguration;
			buildSettings = {
				ALWAYS_SEARCH_USER_PATHS = NO;
				CLANG_ANALYZER_NONNULL = YES;
				CLANG_ANALYZER_NUMBER_OBJECT_CONVERSION = YES_AGGRESSIVE;
				CLANG_CXX_LANGUAGE_STANDARD = "gnu++17";
				CLANG_CXX_LIBRARY = "libc++";
				CLANG_ENABLE_MODULES = YES;
				CLANG_ENABLE_OBJC_ARC = YES;
				CLANG_ENABLE_OBJC_WEAK = YES;
				CLANG_WARN_BLOCK_CAPTURE_AUTORELEASING = YES;
				CLANG_WARN_BOOL_CONVERSION = YES;
				CLANG_WARN_COMMA = YES;
				CLANG_WARN_CONSTANT_CONVERSION = YES;
				CLANG_WARN_DEPRECATED_OBJC_IMPLEMENTATIONS = YES;
				CLANG_WARN_DIRECT_OBJC_ISA_USAGE = YES_ERROR;
				CLANG_WARN_DOCUMENTATION_COMMENTS = YES;
				CLANG_WARN_EMPTY_BODY = YES;
				CLANG_WARN_ENUM_CONVERSION = YES;
				CLANG_WARN_INFINITE_RECURSION = YES;
				CLANG_WARN_INT_CONVERSION = YES;
				CLANG_WARN_NON_LITERAL_NULL_CONVERSION = YES;
				CLANG_WARN_OBJC_IMPLICIT_RETAIN_SELF = YES;
				CLANG_WARN_OBJC_LITERAL_CONVERSION = YES;
				CLANG_WARN_OBJC_ROOT_CLASS = YES_ERROR;
				CLANG_WARN_QUOTED_INCLUDE_IN_FRAMEWORK_HEADER = YES;
				CLANG_WARN_RANGE_LOOP_ANALYSIS = YES;
				CLANG_WARN_STRICT_PROTOTYPES = YES;
				CLANG_WARN_SUSPICIOUS_MOVE = YES;
				CLANG_WARN_UNGUARDED_AVAILABILITY = YES_AGGRESSIVE;
				CLANG_WARN_UNREACHABLE_CODE = YES;
				CLANG_WARN__DUPLICATE_METHOD_MATCH = YES;
				COPY_PHASE_STRIP = NO;
				DEBUG_INFORMATION_FORMAT = dwarf;
				ENABLE_STRICT_OBJC_MSGSEND = YES;
				ENABLE_TESTABILITY = YES;
				GCC_C_LANGUAGE_STANDARD = gnu11;
				GCC_DYNAMIC_NO_PIC = NO;
				GCC_NO_COMMON_BLOCKS = YES;
				GCC_OPTIMIZATION_LEVEL = 0;
				GCC_PREPROCESSOR_DEFINITIONS = (
					"DEBUG=1",
					"$(inherited)",
				);
				GCC_WARN_64_TO_32_BIT_CONVERSION = YES;
				GCC_WARN_ABOUT_RETURN_TYPE = YES_ERROR;
				GCC_WARN_UNDECLARED_SELECTOR = YES;
				GCC_WARN_UNINITIALIZED_AUTOS = YES_AGGRESSIVE;
				GCC_WARN_UNUSED_FUNCTION = YES;
				GCC_WARN_UNUSED_VARIABLE = YES;
				IPHONEOS_DEPLOYMENT_TARGET = 15.2;
				MTL_ENABLE_DEBUG_INFO = INCLUDE_SOURCE;
				MTL_FAST_MATH = YES;
				ONLY_ACTIVE_ARCH = YES;
				SDKROOT = iphoneos;
				SWIFT_ACTIVE_COMPILATION_CONDITIONS = DEBUG;
				SWIFT_OPTIMIZATION_LEVEL = "-Onone";
			};
			name = Debug;
		};
		0BA7CC3B2861149500EF7A31 /* Release */ = {
			isa = XCBuildConfiguration;
			buildSettings = {
				ALWAYS_SEARCH_USER_PATHS = NO;
				CLANG_ANALYZER_NONNULL = YES;
				CLANG_ANALYZER_NUMBER_OBJECT_CONVERSION = YES_AGGRESSIVE;
				CLANG_CXX_LANGUAGE_STANDARD = "gnu++17";
				CLANG_CXX_LIBRARY = "libc++";
				CLANG_ENABLE_MODULES = YES;
				CLANG_ENABLE_OBJC_ARC = YES;
				CLANG_ENABLE_OBJC_WEAK = YES;
				CLANG_WARN_BLOCK_CAPTURE_AUTORELEASING = YES;
				CLANG_WARN_BOOL_CONVERSION = YES;
				CLANG_WARN_COMMA = YES;
				CLANG_WARN_CONSTANT_CONVERSION = YES;
				CLANG_WARN_DEPRECATED_OBJC_IMPLEMENTATIONS = YES;
				CLANG_WARN_DIRECT_OBJC_ISA_USAGE = YES_ERROR;
				CLANG_WARN_DOCUMENTATION_COMMENTS = YES;
				CLANG_WARN_EMPTY_BODY = YES;
				CLANG_WARN_ENUM_CONVERSION = YES;
				CLANG_WARN_INFINITE_RECURSION = YES;
				CLANG_WARN_INT_CONVERSION = YES;
				CLANG_WARN_NON_LITERAL_NULL_CONVERSION = YES;
				CLANG_WARN_OBJC_IMPLICIT_RETAIN_SELF = YES;
				CLANG_WARN_OBJC_LITERAL_CONVERSION = YES;
				CLANG_WARN_OBJC_ROOT_CLASS = YES_ERROR;
				CLANG_WARN_QUOTED_INCLUDE_IN_FRAMEWORK_HEADER = YES;
				CLANG_WARN_RANGE_LOOP_ANALYSIS = YES;
				CLANG_WARN_STRICT_PROTOTYPES = YES;
				CLANG_WARN_SUSPICIOUS_MOVE = YES;
				CLANG_WARN_UNGUARDED_AVAILABILITY = YES_AGGRESSIVE;
				CLANG_WARN_UNREACHABLE_CODE = YES;
				CLANG_WARN__DUPLICATE_METHOD_MATCH = YES;
				COPY_PHASE_STRIP = NO;
				DEBUG_INFORMATION_FORMAT = "dwarf-with-dsym";
				ENABLE_NS_ASSERTIONS = NO;
				ENABLE_STRICT_OBJC_MSGSEND = YES;
				GCC_C_LANGUAGE_STANDARD = gnu11;
				GCC_NO_COMMON_BLOCKS = YES;
				GCC_WARN_64_TO_32_BIT_CONVERSION = YES;
				GCC_WARN_ABOUT_RETURN_TYPE = YES_ERROR;
				GCC_WARN_UNDECLARED_SELECTOR = YES;
				GCC_WARN_UNINITIALIZED_AUTOS = YES_AGGRESSIVE;
				GCC_WARN_UNUSED_FUNCTION = YES;
				GCC_WARN_UNUSED_VARIABLE = YES;
				IPHONEOS_DEPLOYMENT_TARGET = 15.2;
				MTL_ENABLE_DEBUG_INFO = NO;
				MTL_FAST_MATH = YES;
				SDKROOT = iphoneos;
				SWIFT_COMPILATION_MODE = wholemodule;
				SWIFT_OPTIMIZATION_LEVEL = "-O";
				VALIDATE_PRODUCT = YES;
			};
			name = Release;
		};
		0BA7CC3D2861149500EF7A31 /* Debug */ = {
			isa = XCBuildConfiguration;
			buildSettings = {
				ASSETCATALOG_COMPILER_APPICON_NAME = AppIcon;
				ASSETCATALOG_COMPILER_GLOBAL_ACCENT_COLOR_NAME = AccentColor;
				CODE_SIGN_STYLE = Automatic;
				CURRENT_PROJECT_VERSION = 1;
				DEVELOPMENT_ASSET_PATHS = "\"sonddr/Preview Content\"";
				ENABLE_PREVIEWS = YES;
				GENERATE_INFOPLIST_FILE = YES;
				INFOPLIST_KEY_UIApplicationSceneManifest_Generation = YES;
				INFOPLIST_KEY_UIApplicationSupportsIndirectInputEvents = YES;
				INFOPLIST_KEY_UILaunchScreen_Generation = YES;
				INFOPLIST_KEY_UISupportedInterfaceOrientations_iPad = "UIInterfaceOrientationPortrait UIInterfaceOrientationPortraitUpsideDown UIInterfaceOrientationLandscapeLeft UIInterfaceOrientationLandscapeRight";
				INFOPLIST_KEY_UISupportedInterfaceOrientations_iPhone = "UIInterfaceOrientationPortrait UIInterfaceOrientationLandscapeLeft UIInterfaceOrientationLandscapeRight";
				INFOPLIST_KEY_UIUserInterfaceStyle = Dark;
				LD_RUNPATH_SEARCH_PATHS = (
					"$(inherited)",
					"@executable_path/Frameworks",
				);
				MARKETING_VERSION = 1.0;
				PRODUCT_BUNDLE_IDENTIFIER = com.sonddr.sonddr;
				PRODUCT_NAME = "$(TARGET_NAME)";
				SWIFT_EMIT_LOC_STRINGS = YES;
				SWIFT_VERSION = 5.0;
				TARGETED_DEVICE_FAMILY = "1,2";
			};
			name = Debug;
		};
		0BA7CC3E2861149500EF7A31 /* Release */ = {
			isa = XCBuildConfiguration;
			buildSettings = {
				ASSETCATALOG_COMPILER_APPICON_NAME = AppIcon;
				ASSETCATALOG_COMPILER_GLOBAL_ACCENT_COLOR_NAME = AccentColor;
				CODE_SIGN_STYLE = Automatic;
				CURRENT_PROJECT_VERSION = 1;
				DEVELOPMENT_ASSET_PATHS = "\"sonddr/Preview Content\"";
				ENABLE_PREVIEWS = YES;
				GENERATE_INFOPLIST_FILE = YES;
				INFOPLIST_KEY_UIApplicationSceneManifest_Generation = YES;
				INFOPLIST_KEY_UIApplicationSupportsIndirectInputEvents = YES;
				INFOPLIST_KEY_UILaunchScreen_Generation = YES;
				INFOPLIST_KEY_UISupportedInterfaceOrientations_iPad = "UIInterfaceOrientationPortrait UIInterfaceOrientationPortraitUpsideDown UIInterfaceOrientationLandscapeLeft UIInterfaceOrientationLandscapeRight";
				INFOPLIST_KEY_UISupportedInterfaceOrientations_iPhone = "UIInterfaceOrientationPortrait UIInterfaceOrientationLandscapeLeft UIInterfaceOrientationLandscapeRight";
				INFOPLIST_KEY_UIUserInterfaceStyle = Dark;
				LD_RUNPATH_SEARCH_PATHS = (
					"$(inherited)",
					"@executable_path/Frameworks",
				);
				MARKETING_VERSION = 1.0;
				PRODUCT_BUNDLE_IDENTIFIER = com.sonddr.sonddr;
				PRODUCT_NAME = "$(TARGET_NAME)";
				SWIFT_EMIT_LOC_STRINGS = YES;
				SWIFT_VERSION = 5.0;
				TARGETED_DEVICE_FAMILY = "1,2";
			};
			name = Release;
		};
/* End XCBuildConfiguration section */

/* Begin XCConfigurationList section */
		0BA7CC292861149300EF7A31 /* Build configuration list for PBXProject "sonddr" */ = {
			isa = XCConfigurationList;
			buildConfigurations = (
				0BA7CC3A2861149500EF7A31 /* Debug */,
				0BA7CC3B2861149500EF7A31 /* Release */,
			);
			defaultConfigurationIsVisible = 0;
			defaultConfigurationName = Release;
		};
		0BA7CC3C2861149500EF7A31 /* Build configuration list for PBXNativeTarget "sonddr" */ = {
			isa = XCConfigurationList;
			buildConfigurations = (
				0BA7CC3D2861149500EF7A31 /* Debug */,
				0BA7CC3E2861149500EF7A31 /* Release */,
			);
			defaultConfigurationIsVisible = 0;
			defaultConfigurationName = Release;
		};
/* End XCConfigurationList section */
	};
	rootObject = 0BA7CC262861149300EF7A31 /* Project object */;
}
